
Microsoft Visual Studio Solution File, Format Version 12.00
# Visual Studio Version 17
VisualStudioVersion = 17.9.34728.123
MinimumVisualStudioVersion = 10.0.40219.1
Project("{FAE04EC0-301F-11D3-BF4B-00C04F79EFBC}") = "TaskLast", "TaskLast.csproj", "{7FBFA48B-A448-49B8-94D7-C62B26B79213}"
EndProject
Global
	GlobalSection(SolutionConfigurationPlatforms) = preSolution
		Debug|Any CPU = Debug|Any CPU
		Release|Any CPU = Release|Any CPU
	EndGlobalSection
	GlobalSection(ProjectConfigurationPlatforms) = postSolution
		{7FBFA48B-A448-49B8-94D7-C62B26B79213}.Debug|Any CPU.ActiveCfg = Debug|Any CPU
		{7FBFA48B-A448-49B8-94D7-C62B26B79213}.Debug|Any CPU.Build.0 = Debug|Any CPU
		{7FBFA48B-A448-49B8-94D7-C62B26B79213}.Release|Any CPU.ActiveCfg = Release|Any CPU
		{7FBFA48B-A448-49B8-94D7-C62B26B79213}.Release|Any CPU.Build.0 = Release|Any CPU
	EndGlobalSection
	GlobalSection(SolutionProperties) = preSolution
		HideSolutionNode = FALSE
	EndGlobalSection
	GlobalSection(ExtensibilityGlobals) = postSolution
		SolutionGuid = {1A899390-959F-496F-A73D-39331535DEEC}
	EndGlobalSection
EndGlobal
